
Microsoft Visual Studio Solution File, Format Version 12.00
# Visual Studio Version 17
VisualStudioVersion = 17.0.32126.317
MinimumVisualStudioVersion = 10.0.40219.1
Project("{9A19103F-16F7-4668-BE54-9A1E7A4F7556}") = "ElkStack", "ElkStack\ElkStack.csproj", "{38E135A2-6705-4299-B4F7-A70ED7F48469}"
EndProject
Project("{E53339B2-1760-4266-BCC7-CA923CBCF16C}") = "docker-compose", "docker-compose.dcproj", "{343F8AA8-29F9-4DFE-94B8-87CF6E4D19AE}"
EndProject
Project("{2150E333-8FDC-42A3-9474-1A3956D46DE8}") = "Logstash", "Logstash", "{F7FA8629-D026-420C-B6AE-3A117AB5C8C2}"
	ProjectSection(SolutionItems) = preProject
		Logstash\Dockerfile = Logstash\Dockerfile
		Logstash\logstash.yml = Logstash\logstash.yml
		Logstash\main-pipeline.conf = Logstash\main-pipeline.conf
	EndProjectSection
EndProject
Global
	GlobalSection(SolutionConfigurationPlatforms) = preSolution
		Debug|Any CPU = Debug|Any CPU
		Release|Any CPU = Release|Any CPU
	EndGlobalSection
	GlobalSection(ProjectConfigurationPlatforms) = postSolution
		{38E135A2-6705-4299-B4F7-A70ED7F48469}.Debug|Any CPU.ActiveCfg = Debug|Any CPU
		{38E135A2-6705-4299-B4F7-A70ED7F48469}.Debug|Any CPU.Build.0 = Debug|Any CPU
		{38E135A2-6705-4299-B4F7-A70ED7F48469}.Release|Any CPU.ActiveCfg = Release|Any CPU
		{38E135A2-6705-4299-B4F7-A70ED7F48469}.Release|Any CPU.Build.0 = Release|Any CPU
		{343F8AA8-29F9-4DFE-94B8-87CF6E4D19AE}.Debug|Any CPU.ActiveCfg = Debug|Any CPU
		{343F8AA8-29F9-4DFE-94B8-87CF6E4D19AE}.Debug|Any CPU.Build.0 = Debug|Any CPU
		{343F8AA8-29F9-4DFE-94B8-87CF6E4D19AE}.Release|Any CPU.ActiveCfg = Release|Any CPU
		{343F8AA8-29F9-4DFE-94B8-87CF6E4D19AE}.Release|Any CPU.Build.0 = Release|Any CPU
	EndGlobalSection
	GlobalSection(SolutionProperties) = preSolution
		HideSolutionNode = FALSE
	EndGlobalSection
	GlobalSection(ExtensibilityGlobals) = postSolution
		SolutionGuid = {31B7558D-B2E9-4874-881C-01853454082D}
	EndGlobalSection
EndGlobal
